# This file is autogenerated, do not edit; changes may be undone by the next 'dep ensure'.


[[projects]]
  name = "github.com/Masterminds/semver"
  packages = ["."]
  revision = "15d8430ab86497c5c0da827b748823945e1cf1e1"
  version = "v1.4.0"

[[projects]]
  name = "github.com/cenkalti/backoff"
  packages = ["."]
  revision = "61153c768f31ee5f130071d08fc82b85208528de"
  version = "v1.1.0"

[[projects]]
  branch = "master"
  name = "github.com/google/go-github"
  packages = ["github"]
  revision = "464f5a91396a85da262abcac0b0a0aaf5b8f3c02"

[[projects]]
  branch = "master"
  name = "github.com/google/go-querystring"
  packages = ["query"]
  revision = "53e6ce116135b80d037921a7fdd5138cf32d7a8a"

[[projects]]
  branch = "master"
  name = "golang.org/x/net"
  packages = ["context"]
  revision = "01c190206fbdffa42f334f4b2bf2220f50e64920"

[solve-meta]
  analyzer-name = "dep"
  analyzer-version = 1
  inputs-digest = "4753106ca91bfa3fb3a52b8be7864e4029166d3a6ac77306253958fdd1531389"
  solver-name = "gps-cdcl"
  solver-version = 1
